
Microsoft Visual Studio Solution File, Format Version 12.00
# Visual Studio Version 17
VisualStudioVersion = 17.12.35707.178
MinimumVisualStudioVersion = 10.0.40219.1
Project("{2150E333-8FDC-42A3-9474-1A3956D46DE8}") = "API", "API", "{642A191E-A893-4073-8623-E58AF50173DC}"
EndProject
Project("{2150E333-8FDC-42A3-9474-1A3956D46DE8}") = "Tests", "Tests", "{2D036B11-085C-43D3-8A32-E4FE8BA4AFF5}"
EndProject
Project("{2150E333-8FDC-42A3-9474-1A3956D46DE8}") = "Utility", "Utility", "{D74721AC-BED5-4851-9644-43B694D228C3}"
EndProject
Project("{FAE04EC0-301F-11D3-BF4B-00C04F79EFBC}") = "Template.API", "Template.API\Template.API.csproj", "{62D4A57F-6A21-4991-97B0-527961165CB6}"
EndProject
Project("{FAE04EC0-301F-11D3-BF4B-00C04F79EFBC}") = "Template.Application", "Template.Application\Template.Application.csproj", "{3F82CEB0-3CBF-4F1D-9F9E-38AEC40E40A2}"
EndProject
Project("{FAE04EC0-301F-11D3-BF4B-00C04F79EFBC}") = "Template.Infrastructure", "Template.Infrastructure\Template.Infrastructure.csproj", "{1EBE1E95-9494-472C-B593-105A3E9B85B6}"
EndProject
Project("{FAE04EC0-301F-11D3-BF4B-00C04F79EFBC}") = "Template.Domain", "Template.Domain\Template.Domain.csproj", "{59C1A284-5451-411D-ABBB-E0AAF3709174}"
EndProject
Project("{2150E333-8FDC-42A3-9474-1A3956D46DE8}") = "UI", "UI", "{DC90A9E2-19F2-46DE-A8D6-405B2F43EF29}"
EndProject
Project("{54A90642-561A-4BB1-A94E-469ADEE60C69}") = "template.ui", "Template.UI\template.ui.esproj", "{167D5C07-02C4-4E95-97A0-40AB9D637F2F}"
EndProject
Project("{FAE04EC0-301F-11D3-BF4B-00C04F79EFBC}") = "Template.Utility", "Template.Utility\Template.Utility.csproj", "{B13DC5D1-B28B-47DB-B5A1-76B9C9216C4A}"
EndProject
Project("{2150E333-8FDC-42A3-9474-1A3956D46DE8}") = "AppHost", "AppHost", "{9F8F25F1-6E97-400B-A5FE-EC2308D22950}"
EndProject
Project("{FAE04EC0-301F-11D3-BF4B-00C04F79EFBC}") = "Template.AppHost", "Template.AppHost\Template.AppHost.csproj", "{B06DDA38-1FBA-47E4-B330-3B41907D7C80}"
EndProject
Project("{FAE04EC0-301F-11D3-BF4B-00C04F79EFBC}") = "Template.ServiceDefaults", "Template.ServiceDefaults\Template.ServiceDefaults.csproj", "{E774A5F3-C236-43B7-8FB1-ED9E74E00DC1}"
EndProject
Global
	GlobalSection(SolutionConfigurationPlatforms) = preSolution
		Debug|Any CPU = Debug|Any CPU
		Release|Any CPU = Release|Any CPU
	EndGlobalSection
	GlobalSection(ProjectConfigurationPlatforms) = postSolution
		{62D4A57F-6A21-4991-97B0-527961165CB6}.Debug|Any CPU.ActiveCfg = Debug|Any CPU
		{62D4A57F-6A21-4991-97B0-527961165CB6}.Debug|Any CPU.Build.0 = Debug|Any CPU
		{62D4A57F-6A21-4991-97B0-527961165CB6}.Release|Any CPU.ActiveCfg = Release|Any CPU
		{62D4A57F-6A21-4991-97B0-527961165CB6}.Release|Any CPU.Build.0 = Release|Any CPU
		{3F82CEB0-3CBF-4F1D-9F9E-38AEC40E40A2}.Debug|Any CPU.ActiveCfg = Debug|Any CPU
		{3F82CEB0-3CBF-4F1D-9F9E-38AEC40E40A2}.Debug|Any CPU.Build.0 = Debug|Any CPU
		{3F82CEB0-3CBF-4F1D-9F9E-38AEC40E40A2}.Release|Any CPU.ActiveCfg = Release|Any CPU
		{3F82CEB0-3CBF-4F1D-9F9E-38AEC40E40A2}.Release|Any CPU.Build.0 = Release|Any CPU
		{1EBE1E95-9494-472C-B593-105A3E9B85B6}.Debug|Any CPU.ActiveCfg = Debug|Any CPU
		{1EBE1E95-9494-472C-B593-105A3E9B85B6}.Debug|Any CPU.Build.0 = Debug|Any CPU
		{1EBE1E95-9494-472C-B593-105A3E9B85B6}.Release|Any CPU.ActiveCfg = Release|Any CPU
		{1EBE1E95-9494-472C-B593-105A3E9B85B6}.Release|Any CPU.Build.0 = Release|Any CPU
		{59C1A284-5451-411D-ABBB-E0AAF3709174}.Debug|Any CPU.ActiveCfg = Debug|Any CPU
		{59C1A284-5451-411D-ABBB-E0AAF3709174}.Debug|Any CPU.Build.0 = Debug|Any CPU
		{59C1A284-5451-411D-ABBB-E0AAF3709174}.Release|Any CPU.ActiveCfg = Release|Any CPU
		{59C1A284-5451-411D-ABBB-E0AAF3709174}.Release|Any CPU.Build.0 = Release|Any CPU
		{167D5C07-02C4-4E95-97A0-40AB9D637F2F}.Debug|Any CPU.ActiveCfg = Debug|Any CPU
		{167D5C07-02C4-4E95-97A0-40AB9D637F2F}.Debug|Any CPU.Build.0 = Debug|Any CPU
		{167D5C07-02C4-4E95-97A0-40AB9D637F2F}.Debug|Any CPU.Deploy.0 = Debug|Any CPU
		{167D5C07-02C4-4E95-97A0-40AB9D637F2F}.Release|Any CPU.ActiveCfg = Release|Any CPU
		{167D5C07-02C4-4E95-97A0-40AB9D637F2F}.Release|Any CPU.Build.0 = Release|Any CPU
		{167D5C07-02C4-4E95-97A0-40AB9D637F2F}.Release|Any CPU.Deploy.0 = Release|Any CPU
		{B13DC5D1-B28B-47DB-B5A1-76B9C9216C4A}.Debug|Any CPU.ActiveCfg = Debug|Any CPU
		{B13DC5D1-B28B-47DB-B5A1-76B9C9216C4A}.Debug|Any CPU.Build.0 = Debug|Any CPU
		{B13DC5D1-B28B-47DB-B5A1-76B9C9216C4A}.Release|Any CPU.ActiveCfg = Release|Any CPU
		{B13DC5D1-B28B-47DB-B5A1-76B9C9216C4A}.Release|Any CPU.Build.0 = Release|Any CPU
		{B06DDA38-1FBA-47E4-B330-3B41907D7C80}.Debug|Any CPU.ActiveCfg = Debug|Any CPU
		{B06DDA38-1FBA-47E4-B330-3B41907D7C80}.Debug|Any CPU.Build.0 = Debug|Any CPU
		{B06DDA38-1FBA-47E4-B330-3B41907D7C80}.Release|Any CPU.ActiveCfg = Release|Any CPU
		{B06DDA38-1FBA-47E4-B330-3B41907D7C80}.Release|Any CPU.Build.0 = Release|Any CPU
		{E774A5F3-C236-43B7-8FB1-ED9E74E00DC1}.Debug|Any CPU.ActiveCfg = Debug|Any CPU
		{E774A5F3-C236-43B7-8FB1-ED9E74E00DC1}.Debug|Any CPU.Build.0 = Debug|Any CPU
		{E774A5F3-C236-43B7-8FB1-ED9E74E00DC1}.Release|Any CPU.ActiveCfg = Release|Any CPU
		{E774A5F3-C236-43B7-8FB1-ED9E74E00DC1}.Release|Any CPU.Build.0 = Release|Any CPU
	EndGlobalSection
	GlobalSection(SolutionProperties) = preSolution
		HideSolutionNode = FALSE
	EndGlobalSection
	GlobalSection(NestedProjects) = preSolution
		{62D4A57F-6A21-4991-97B0-527961165CB6} = {642A191E-A893-4073-8623-E58AF50173DC}
		{3F82CEB0-3CBF-4F1D-9F9E-38AEC40E40A2} = {642A191E-A893-4073-8623-E58AF50173DC}
		{1EBE1E95-9494-472C-B593-105A3E9B85B6} = {642A191E-A893-4073-8623-E58AF50173DC}
		{59C1A284-5451-411D-ABBB-E0AAF3709174} = {642A191E-A893-4073-8623-E58AF50173DC}
		{167D5C07-02C4-4E95-97A0-40AB9D637F2F} = {DC90A9E2-19F2-46DE-A8D6-405B2F43EF29}
		{B13DC5D1-B28B-47DB-B5A1-76B9C9216C4A} = {D74721AC-BED5-4851-9644-43B694D228C3}
		{B06DDA38-1FBA-47E4-B330-3B41907D7C80} = {9F8F25F1-6E97-400B-A5FE-EC2308D22950}
		{E774A5F3-C236-43B7-8FB1-ED9E74E00DC1} = {9F8F25F1-6E97-400B-A5FE-EC2308D22950}
	EndGlobalSection
EndGlobal
